
Microsoft Visual Studio Solution File, Format Version 12.00
# Visual Studio Version 16
VisualStudioVersion = 16.0.31129.286
MinimumVisualStudioVersion = 10.0.40219.1
Project("{9A19103F-16F7-4668-BE54-9A1E7A4F7556}") = "UserManagement", "UserManagement\UserManagement.csproj", "{FC0A3883-4894-4EB5-81EE-D4695371F3C0}"
EndProject
Project("{9A19103F-16F7-4668-BE54-9A1E7A4F7556}") = "UserManagementWebAPI", "UserManagementWebAPI\UserManagementWebAPI.csproj", "{6CE31482-9024-43A6-A563-3FB5993F6E54}"
EndProject
Project("{2150E333-8FDC-42A3-9474-1A3956D46DE8}") = "Challenge2", "Challenge2", "{D992C58D-FB0D-4F01-AEB6-06E3DA92A767}"
	ProjectSection(SolutionItems) = preProject
		DQL_To_get_policydetails.sql = DQL_To_get_policydetails.sql
	EndProjectSection
EndProject
Global
	GlobalSection(SolutionConfigurationPlatforms) = preSolution
		Debug|Any CPU = Debug|Any CPU
		Release|Any CPU = Release|Any CPU
	EndGlobalSection
	GlobalSection(ProjectConfigurationPlatforms) = postSolution
		{FC0A3883-4894-4EB5-81EE-D4695371F3C0}.Debug|Any CPU.ActiveCfg = Debug|Any CPU
		{FC0A3883-4894-4EB5-81EE-D4695371F3C0}.Debug|Any CPU.Build.0 = Debug|Any CPU
		{FC0A3883-4894-4EB5-81EE-D4695371F3C0}.Release|Any CPU.ActiveCfg = Release|Any CPU
		{FC0A3883-4894-4EB5-81EE-D4695371F3C0}.Release|Any CPU.Build.0 = Release|Any CPU
		{6CE31482-9024-43A6-A563-3FB5993F6E54}.Debug|Any CPU.ActiveCfg = Debug|Any CPU
		{6CE31482-9024-43A6-A563-3FB5993F6E54}.Debug|Any CPU.Build.0 = Debug|Any CPU
		{6CE31482-9024-43A6-A563-3FB5993F6E54}.Release|Any CPU.ActiveCfg = Release|Any CPU
		{6CE31482-9024-43A6-A563-3FB5993F6E54}.Release|Any CPU.Build.0 = Release|Any CPU
	EndGlobalSection
	GlobalSection(SolutionProperties) = preSolution
		HideSolutionNode = FALSE
	EndGlobalSection
	GlobalSection(ExtensibilityGlobals) = postSolution
		SolutionGuid = {97B21750-EEFB-424E-B13C-39F19A657A1A}
	EndGlobalSection
EndGlobal
